
Microsoft Visual Studio Solution File, Format Version 12.00
# Visual Studio Version 17
VisualStudioVersion = 17.6.33801.468
MinimumVisualStudioVersion = 10.0.40219.1
Project("{FAE04EC0-301F-11D3-BF4B-00C04F79EFBC}") = "Man_Savior", "Man_Savior\Man_Savior.csproj", "{D28CF2A4-726E-42F5-8A3B-007DF23041A2}"
EndProject
Global
	GlobalSection(SolutionConfigurationPlatforms) = preSolution
		Debug|Any CPU = Debug|Any CPU
		Release|Any CPU = Release|Any CPU
	EndGlobalSection
	GlobalSection(ProjectConfigurationPlatforms) = postSolution
		{D28CF2A4-726E-42F5-8A3B-007DF23041A2}.Debug|Any CPU.ActiveCfg = Debug|Any CPU
		{D28CF2A4-726E-42F5-8A3B-007DF23041A2}.Debug|Any CPU.Build.0 = Debug|Any CPU
		{D28CF2A4-726E-42F5-8A3B-007DF23041A2}.Release|Any CPU.ActiveCfg = Release|Any CPU
		{D28CF2A4-726E-42F5-8A3B-007DF23041A2}.Release|Any CPU.Build.0 = Release|Any CPU
	EndGlobalSection
	GlobalSection(SolutionProperties) = preSolution
		HideSolutionNode = FALSE
	EndGlobalSection
	GlobalSection(ExtensibilityGlobals) = postSolution
		SolutionGuid = {5C986074-A8D3-471F-9750-40E2E97AFA9A}
	EndGlobalSection
EndGlobal
